<?xml version="1.0" encoding="utf-8"?>
<Project ToolsVersion="4.0" xmlns="http://schemas.microsoft.com/developer/msbuild/2003">
  <ItemGroup>
    <Filter Include="Source Files">
      <UniqueIdentifier>{32b6ab64-1101-4f49-93d0-4716badc5655}</UniqueIdentifier>
    </Filter>
    <Filter Include="Generated Files">
      <UniqueIdentifier>{49b730a6-5b8b-4079-897a-4db69d247d6a}</UniqueIdentifier>
      <SourceControlFiles>False</SourceControlFiles>
    </Filter>
  </ItemGroup>
  <ItemGroup>
    <None Include="OROSSParserps.def" />
  </ItemGroup>
  <ItemGroup>
    <ClCompile Include="OROSSParser_i.c">
      <Filter>Generated Files</Filter>
    </ClCompile>
    <ClCompile Include="OROSSParser_p.c">
      <Filter>Generated Files</Filter>
    </ClCompile>
    <ClCompile Include="dlldata.c">
      <Filter>Generated Files</Filter>
    </ClCompile>
  </ItemGroup>
</Project>